// !$*UTF8*$!
{
	archiveVersion = 1;
	classes = {
	};
	objectVersion = 51;
	objects = {

/* Begin PBXBuildFile section */
		1430666826E800D200020CB9 /* SearchCategoryCollectionViewCell.swift in Sources */ = {isa = PBXBuildFile; fileRef = 1430666726E800D200020CB9 /* SearchCategoryCollectionViewCell.swift */; };
		14633BD526E3F643008B514F /* HomeViewModel.swift in Sources */ = {isa = PBXBuildFile; fileRef = 14633BD426E3F643008B514F /* HomeViewModel.swift */; };
		14633BDA26E3F655008B514F /* HomeModel.swift in Sources */ = {isa = PBXBuildFile; fileRef = 14633BD926E3F655008B514F /* HomeModel.swift */; };
		14633BF126E3FE01008B514F /* Home.storyboard in Resources */ = {isa = PBXBuildFile; fileRef = 14633BF026E3FE01008B514F /* Home.storyboard */; };
		14633BFF26E401EA008B514F /* HomeTableviewCell.swift in Sources */ = {isa = PBXBuildFile; fileRef = 14633BFD26E401EA008B514F /* HomeTableviewCell.swift */; };
		14633C0026E401EA008B514F /* HomeTableviewCell.xib in Resources */ = {isa = PBXBuildFile; fileRef = 14633BFE26E401EA008B514F /* HomeTableviewCell.xib */; };
		1472453026F9C0D10092C5C4 /* AcadamyDetailViewModel.swift in Sources */ = {isa = PBXBuildFile; fileRef = 1472452B26F9C0D10092C5C4 /* AcadamyDetailViewModel.swift */; };
		1472453126F9C0D10092C5C4 /* AcadamySportsModel.swift in Sources */ = {isa = PBXBuildFile; fileRef = 1472452D26F9C0D10092C5C4 /* AcadamySportsModel.swift */; };
		1472453226F9C0D10092C5C4 /* AcadamyDetailsViewController.swift in Sources */ = {isa = PBXBuildFile; fileRef = 1472452F26F9C0D10092C5C4 /* AcadamyDetailsViewController.swift */; };
		1476539026E510EE0090395B /* HomeCollectionViewCell.swift in Sources */ = {isa = PBXBuildFile; fileRef = 1476538E26E510EE0090395B /* HomeCollectionViewCell.swift */; };
		1476539126E510EE0090395B /* HomeCollectionViewCell.xib in Resources */ = {isa = PBXBuildFile; fileRef = 1476538F26E510EE0090395B /* HomeCollectionViewCell.xib */; };
		147653A026E53F910090395B /* SearchCategoriesVC.swift in Sources */ = {isa = PBXBuildFile; fileRef = 1476539F26E53F910090395B /* SearchCategoriesVC.swift */; };
		147653A526E540090090395B /* SearchCategoriesModel.swift in Sources */ = {isa = PBXBuildFile; fileRef = 147653A426E540090090395B /* SearchCategoriesModel.swift */; };
		147653AD26E540FE0090395B /* SearchCategoriesViewModel.swift in Sources */ = {isa = PBXBuildFile; fileRef = 147653AC26E540FE0090395B /* SearchCategoriesViewModel.swift */; };
		147653B226E5412F0090395B /* SearchCategory.storyboard in Resources */ = {isa = PBXBuildFile; fileRef = 147653B126E5412F0090395B /* SearchCategory.storyboard */; };
		147653C226E6A8460090395B /* APIHandler.swift in Sources */ = {isa = PBXBuildFile; fileRef = 147653C126E6A8460090395B /* APIHandler.swift */; };
		1478D3AE26EC9CB700EA66D1 /* AppConstants.swift in Sources */ = {isa = PBXBuildFile; fileRef = 1478D3AD26EC9CB700EA66D1 /* AppConstants.swift */; };
		1478D3C326ECF46200EA66D1 /* AcademyListViewController.swift in Sources */ = {isa = PBXBuildFile; fileRef = 1478D3C126ECF46200EA66D1 /* AcademyListViewController.swift */; };
		1478D3DC26ECF57000EA66D1 /* AcadamyListModel.swift in Sources */ = {isa = PBXBuildFile; fileRef = 1478D3DB26ECF57000EA66D1 /* AcadamyListModel.swift */; };
		14A13DE926E25B8D001AF805 /* AppDelegate.swift in Sources */ = {isa = PBXBuildFile; fileRef = 14A13DE826E25B8D001AF805 /* AppDelegate.swift */; };
		14A13DEB26E25B8D001AF805 /* SceneDelegate.swift in Sources */ = {isa = PBXBuildFile; fileRef = 14A13DEA26E25B8D001AF805 /* SceneDelegate.swift */; };
		14A13DED26E25B8D001AF805 /* NotificationVC.swift in Sources */ = {isa = PBXBuildFile; fileRef = 14A13DEC26E25B8D001AF805 /* NotificationVC.swift */; };
		14A13DF226E25B8E001AF805 /* Assets.xcassets in Resources */ = {isa = PBXBuildFile; fileRef = 14A13DF126E25B8E001AF805 /* Assets.xcassets */; };
		14A13DF526E25B8E001AF805 /* LaunchScreen.storyboard in Resources */ = {isa = PBXBuildFile; fileRef = 14A13DF326E25B8E001AF805 /* LaunchScreen.storyboard */; };
		14A13E0026E25B8E001AF805 /* TopTekkarTests.swift in Sources */ = {isa = PBXBuildFile; fileRef = 14A13DFF26E25B8E001AF805 /* TopTekkarTests.swift */; };
		14A13E0B26E25B8E001AF805 /* TopTekkarUITests.swift in Sources */ = {isa = PBXBuildFile; fileRef = 14A13E0A26E25B8E001AF805 /* TopTekkarUITests.swift */; };
		14A13E3426E26158001AF805 /* TTBaseViewController.swift in Sources */ = {isa = PBXBuildFile; fileRef = 14A13E3326E26158001AF805 /* TTBaseViewController.swift */; };
		14A13E3926E263FA001AF805 /* HomeVC.swift in Sources */ = {isa = PBXBuildFile; fileRef = 14A13E3826E263FA001AF805 /* HomeVC.swift */; };
		14A13E3E26E26435001AF805 /* BookingVC.swift in Sources */ = {isa = PBXBuildFile; fileRef = 14A13E3D26E26435001AF805 /* BookingVC.swift */; };
		4878D2570933A03DEF33F0BE /* Pods_TopTekkar_TopTekkarUITests.framework in Frameworks */ = {isa = PBXBuildFile; fileRef = 716CEDFED41AB967B252E66D /* Pods_TopTekkar_TopTekkarUITests.framework */; };
		934DED48D38067844D3B282E /* Pods_TopTekkarTests.framework in Frameworks */ = {isa = PBXBuildFile; fileRef = 4F11EF24652C3BC7C7F1FF85 /* Pods_TopTekkarTests.framework */; };
		A3114B512705A7DB005658BE /* PaymentDetailsViewController.swift in Sources */ = {isa = PBXBuildFile; fileRef = A3114B502705A7DB005658BE /* PaymentDetailsViewController.swift */; };
		A36EA08D26FA3692002FAE92 /* TTCommonFunctions.swift in Sources */ = {isa = PBXBuildFile; fileRef = A36EA08C26FA3692002FAE92 /* TTCommonFunctions.swift */; };
		A36EA08F26FA4105002FAE92 /* AcadamyPhotosModel.swift in Sources */ = {isa = PBXBuildFile; fileRef = A36EA08E26FA4105002FAE92 /* AcadamyPhotosModel.swift */; };
		A36EA09126FA4BD1002FAE92 /* AcadamyBookingPlanViewController.swift in Sources */ = {isa = PBXBuildFile; fileRef = A36EA09026FA4BD1002FAE92 /* AcadamyBookingPlanViewController.swift */; };
		A36EA09326FA5699002FAE92 /* AcadamyBookingPlanModel.swift in Sources */ = {isa = PBXBuildFile; fileRef = A36EA09226FA5699002FAE92 /* AcadamyBookingPlanModel.swift */; };
		A384078026F61EEF00ACDA2C /* main.storyboard in Resources */ = {isa = PBXBuildFile; fileRef = A384077F26F61EEF00ACDA2C /* main.storyboard */; };
		A384078A26F6650800ACDA2C /* AcadamyListViewModel.swift in Sources */ = {isa = PBXBuildFile; fileRef = A384078926F6650800ACDA2C /* AcadamyListViewModel.swift */; };
		C652CAFBE57C18D83A973323 /* Pods_TopTekkar.framework in Frameworks */ = {isa = PBXBuildFile; fileRef = DE43B6AEDE1CC0126D119C48 /* Pods_TopTekkar.framework */; };
/* End PBXBuildFile section */

/* Begin PBXContainerItemProxy section */
		14A13DFC26E25B8E001AF805 /* PBXContainerItemProxy */ = {
			isa = PBXContainerItemProxy;
			containerPortal = 14A13DDD26E25B8D001AF805 /* Project object */;
			proxyType = 1;
			remoteGlobalIDString = 14A13DE426E25B8D001AF805;
			remoteInfo = TopTekkar;
		};
		14A13E0726E25B8E001AF805 /* PBXContainerItemProxy */ = {
			isa = PBXContainerItemProxy;
			containerPortal = 14A13DDD26E25B8D001AF805 /* Project object */;
			proxyType = 1;
			remoteGlobalIDString = 14A13DE426E25B8D001AF805;
			remoteInfo = TopTekkar;
		};
/* End PBXContainerItemProxy section */

/* Begin PBXFileReference section */
		08D9CFA876590F1E53DF6556 /* Pods-TopTekkar-TopTekkarUITests.debug.xcconfig */ = {isa = PBXFileReference; includeInIndex = 1; lastKnownFileType = text.xcconfig; name = "Pods-TopTekkar-TopTekkarUITests.debug.xcconfig"; path = "Target Support Files/Pods-TopTekkar-TopTekkarUITests/Pods-TopTekkar-TopTekkarUITests.debug.xcconfig"; sourceTree = "<group>"; };
		1430666726E800D200020CB9 /* SearchCategoryCollectionViewCell.swift */ = {isa = PBXFileReference; fileEncoding = 4; lastKnownFileType = sourcecode.swift; path = SearchCategoryCollectionViewCell.swift; sourceTree = "<group>"; };
		14633BD426E3F643008B514F /* HomeViewModel.swift */ = {isa = PBXFileReference; lastKnownFileType = sourcecode.swift; path = HomeViewModel.swift; sourceTree = "<group>"; };
		14633BD926E3F655008B514F /* HomeModel.swift */ = {isa = PBXFileReference; lastKnownFileType = sourcecode.swift; path = HomeModel.swift; sourceTree = "<group>"; };
		14633BF026E3FE01008B514F /* Home.storyboard */ = {isa = PBXFileReference; lastKnownFileType = file.storyboard; path = Home.storyboard; sourceTree = "<group>"; };
		14633BFD26E401EA008B514F /* HomeTableviewCell.swift */ = {isa = PBXFileReference; lastKnownFileType = sourcecode.swift; path = HomeTableviewCell.swift; sourceTree = "<group>"; };
		14633BFE26E401EA008B514F /* HomeTableviewCell.xib */ = {isa = PBXFileReference; lastKnownFileType = file.xib; path = HomeTableviewCell.xib; sourceTree = "<group>"; };
		1472452B26F9C0D10092C5C4 /* AcadamyDetailViewModel.swift */ = {isa = PBXFileReference; fileEncoding = 4; lastKnownFileType = sourcecode.swift; path = AcadamyDetailViewModel.swift; sourceTree = "<group>"; };
		1472452D26F9C0D10092C5C4 /* AcadamySportsModel.swift */ = {isa = PBXFileReference; fileEncoding = 4; lastKnownFileType = sourcecode.swift; path = AcadamySportsModel.swift; sourceTree = "<group>"; };
		1472452F26F9C0D10092C5C4 /* AcadamyDetailsViewController.swift */ = {isa = PBXFileReference; fileEncoding = 4; lastKnownFileType = sourcecode.swift; path = AcadamyDetailsViewController.swift; sourceTree = "<group>"; };
		1476538E26E510EE0090395B /* HomeCollectionViewCell.swift */ = {isa = PBXFileReference; lastKnownFileType = sourcecode.swift; path = HomeCollectionViewCell.swift; sourceTree = "<group>"; };
		1476538F26E510EE0090395B /* HomeCollectionViewCell.xib */ = {isa = PBXFileReference; lastKnownFileType = file.xib; path = HomeCollectionViewCell.xib; sourceTree = "<group>"; };
		1476539F26E53F910090395B /* SearchCategoriesVC.swift */ = {isa = PBXFileReference; fileEncoding = 4; lastKnownFileType = sourcecode.swift; path = SearchCategoriesVC.swift; sourceTree = "<group>"; };
		147653A426E540090090395B /* SearchCategoriesModel.swift */ = {isa = PBXFileReference; lastKnownFileType = sourcecode.swift; path = SearchCategoriesModel.swift; sourceTree = "<group>"; };
		147653AC26E540FE0090395B /* SearchCategoriesViewModel.swift */ = {isa = PBXFileReference; lastKnownFileType = sourcecode.swift; path = SearchCategoriesViewModel.swift; sourceTree = "<group>"; };
		147653B126E5412F0090395B /* SearchCategory.storyboard */ = {isa = PBXFileReference; lastKnownFileType = file.storyboard; path = SearchCategory.storyboard; sourceTree = "<group>"; };
		147653C126E6A8460090395B /* APIHandler.swift */ = {isa = PBXFileReference; lastKnownFileType = sourcecode.swift; path = APIHandler.swift; sourceTree = "<group>"; };
		1478D3AD26EC9CB700EA66D1 /* AppConstants.swift */ = {isa = PBXFileReference; lastKnownFileType = sourcecode.swift; path = AppConstants.swift; sourceTree = "<group>"; };
		1478D3C126ECF46200EA66D1 /* AcademyListViewController.swift */ = {isa = PBXFileReference; fileEncoding = 4; lastKnownFileType = sourcecode.swift; path = AcademyListViewController.swift; sourceTree = "<group>"; };
		1478D3DB26ECF57000EA66D1 /* AcadamyListModel.swift */ = {isa = PBXFileReference; lastKnownFileType = sourcecode.swift; path = AcadamyListModel.swift; sourceTree = "<group>"; };
		14A13DE526E25B8D001AF805 /* TopTekkar.app */ = {isa = PBXFileReference; explicitFileType = wrapper.application; includeInIndex = 0; path = TopTekkar.app; sourceTree = BUILT_PRODUCTS_DIR; };
		14A13DE826E25B8D001AF805 /* AppDelegate.swift */ = {isa = PBXFileReference; lastKnownFileType = sourcecode.swift; path = AppDelegate.swift; sourceTree = "<group>"; };
		14A13DEA26E25B8D001AF805 /* SceneDelegate.swift */ = {isa = PBXFileReference; lastKnownFileType = sourcecode.swift; path = SceneDelegate.swift; sourceTree = "<group>"; };
		14A13DEC26E25B8D001AF805 /* NotificationVC.swift */ = {isa = PBXFileReference; lastKnownFileType = sourcecode.swift; path = NotificationVC.swift; sourceTree = "<group>"; };
		14A13DF126E25B8E001AF805 /* Assets.xcassets */ = {isa = PBXFileReference; lastKnownFileType = folder.assetcatalog; path = Assets.xcassets; sourceTree = "<group>"; };
		14A13DF426E25B8E001AF805 /* Base */ = {isa = PBXFileReference; lastKnownFileType = file.storyboard; name = Base; path = Base.lproj/LaunchScreen.storyboard; sourceTree = "<group>"; };
		14A13DF626E25B8E001AF805 /* Info.plist */ = {isa = PBXFileReference; lastKnownFileType = text.plist.xml; path = Info.plist; sourceTree = "<group>"; };
		14A13DFB26E25B8E001AF805 /* TopTekkarTests.xctest */ = {isa = PBXFileReference; explicitFileType = wrapper.cfbundle; includeInIndex = 0; path = TopTekkarTests.xctest; sourceTree = BUILT_PRODUCTS_DIR; };
		14A13DFF26E25B8E001AF805 /* TopTekkarTests.swift */ = {isa = PBXFileReference; lastKnownFileType = sourcecode.swift; path = TopTekkarTests.swift; sourceTree = "<group>"; };
		14A13E0126E25B8E001AF805 /* Info.plist */ = {isa = PBXFileReference; lastKnownFileType = text.plist.xml; path = Info.plist; sourceTree = "<group>"; };
		14A13E0626E25B8E001AF805 /* TopTekkarUITests.xctest */ = {isa = PBXFileReference; explicitFileType = wrapper.cfbundle; includeInIndex = 0; path = TopTekkarUITests.xctest; sourceTree = BUILT_PRODUCTS_DIR; };
		14A13E0A26E25B8E001AF805 /* TopTekkarUITests.swift */ = {isa = PBXFileReference; lastKnownFileType = sourcecode.swift; path = TopTekkarUITests.swift; sourceTree = "<group>"; };
		14A13E0C26E25B8E001AF805 /* Info.plist */ = {isa = PBXFileReference; lastKnownFileType = text.plist.xml; path = Info.plist; sourceTree = "<group>"; };
		14A13E3326E26158001AF805 /* TTBaseViewController.swift */ = {isa = PBXFileReference; lastKnownFileType = sourcecode.swift; path = TTBaseViewController.swift; sourceTree = "<group>"; };
		14A13E3826E263FA001AF805 /* HomeVC.swift */ = {isa = PBXFileReference; lastKnownFileType = sourcecode.swift; path = HomeVC.swift; sourceTree = "<group>"; };
		14A13E3D26E26435001AF805 /* BookingVC.swift */ = {isa = PBXFileReference; lastKnownFileType = sourcecode.swift; path = BookingVC.swift; sourceTree = "<group>"; };
		4F11EF24652C3BC7C7F1FF85 /* Pods_TopTekkarTests.framework */ = {isa = PBXFileReference; explicitFileType = wrapper.framework; includeInIndex = 0; path = Pods_TopTekkarTests.framework; sourceTree = BUILT_PRODUCTS_DIR; };
		716CEDFED41AB967B252E66D /* Pods_TopTekkar_TopTekkarUITests.framework */ = {isa = PBXFileReference; explicitFileType = wrapper.framework; includeInIndex = 0; path = Pods_TopTekkar_TopTekkarUITests.framework; sourceTree = BUILT_PRODUCTS_DIR; };
		7E44C9FAC6644EA0DF9193DF /* Pods-TopTekkar.debug.xcconfig */ = {isa = PBXFileReference; includeInIndex = 1; lastKnownFileType = text.xcconfig; name = "Pods-TopTekkar.debug.xcconfig"; path = "Target Support Files/Pods-TopTekkar/Pods-TopTekkar.debug.xcconfig"; sourceTree = "<group>"; };
		971BA313C40982A7A9AE688E /* Pods-TopTekkar-TopTekkarUITests.release.xcconfig */ = {isa = PBXFileReference; includeInIndex = 1; lastKnownFileType = text.xcconfig; name = "Pods-TopTekkar-TopTekkarUITests.release.xcconfig"; path = "Target Support Files/Pods-TopTekkar-TopTekkarUITests/Pods-TopTekkar-TopTekkarUITests.release.xcconfig"; sourceTree = "<group>"; };
		A3114B502705A7DB005658BE /* PaymentDetailsViewController.swift */ = {isa = PBXFileReference; lastKnownFileType = sourcecode.swift; path = PaymentDetailsViewController.swift; sourceTree = "<group>"; };
		A36EA08C26FA3692002FAE92 /* TTCommonFunctions.swift */ = {isa = PBXFileReference; lastKnownFileType = sourcecode.swift; path = TTCommonFunctions.swift; sourceTree = "<group>"; };
		A36EA08E26FA4105002FAE92 /* AcadamyPhotosModel.swift */ = {isa = PBXFileReference; lastKnownFileType = sourcecode.swift; path = AcadamyPhotosModel.swift; sourceTree = "<group>"; };
		A36EA09026FA4BD1002FAE92 /* AcadamyBookingPlanViewController.swift */ = {isa = PBXFileReference; lastKnownFileType = sourcecode.swift; path = AcadamyBookingPlanViewController.swift; sourceTree = "<group>"; };
		A36EA09226FA5699002FAE92 /* AcadamyBookingPlanModel.swift */ = {isa = PBXFileReference; lastKnownFileType = sourcecode.swift; path = AcadamyBookingPlanModel.swift; sourceTree = "<group>"; };
		A384077F26F61EEF00ACDA2C /* main.storyboard */ = {isa = PBXFileReference; fileEncoding = 4; lastKnownFileType = file.storyboard; path = main.storyboard; sourceTree = "<group>"; };
		A384078926F6650800ACDA2C /* AcadamyListViewModel.swift */ = {isa = PBXFileReference; fileEncoding = 4; lastKnownFileType = sourcecode.swift; path = AcadamyListViewModel.swift; sourceTree = "<group>"; };
		ACAEA3B6F6DE9E5C70C00CF5 /* Pods-TopTekkar.release.xcconfig */ = {isa = PBXFileReference; includeInIndex = 1; lastKnownFileType = text.xcconfig; name = "Pods-TopTekkar.release.xcconfig"; path = "Target Support Files/Pods-TopTekkar/Pods-TopTekkar.release.xcconfig"; sourceTree = "<group>"; };
		B54E15C2E1E79366CD93039E /* Pods-TopTekkarTests.release.xcconfig */ = {isa = PBXFileReference; includeInIndex = 1; lastKnownFileType = text.xcconfig; name = "Pods-TopTekkarTests.release.xcconfig"; path = "Target Support Files/Pods-TopTekkarTests/Pods-TopTekkarTests.release.xcconfig"; sourceTree = "<group>"; };
		C23B1A2EA946E961C89660C9 /* Pods-TopTekkarTests.debug.xcconfig */ = {isa = PBXFileReference; includeInIndex = 1; lastKnownFileType = text.xcconfig; name = "Pods-TopTekkarTests.debug.xcconfig"; path = "Target Support Files/Pods-TopTekkarTests/Pods-TopTekkarTests.debug.xcconfig"; sourceTree = "<group>"; };
		DE43B6AEDE1CC0126D119C48 /* Pods_TopTekkar.framework */ = {isa = PBXFileReference; explicitFileType = wrapper.framework; includeInIndex = 0; path = Pods_TopTekkar.framework; sourceTree = BUILT_PRODUCTS_DIR; };
/* End PBXFileReference section */

/* Begin PBXFrameworksBuildPhase section */
		14A13DE226E25B8D001AF805 /* Frameworks */ = {
			isa = PBXFrameworksBuildPhase;
			buildActionMask = 2147483647;
			files = (
				C652CAFBE57C18D83A973323 /* Pods_TopTekkar.framework in Frameworks */,
			);
			runOnlyForDeploymentPostprocessing = 0;
		};
		14A13DF826E25B8E001AF805 /* Frameworks */ = {
			isa = PBXFrameworksBuildPhase;
			buildActionMask = 2147483647;
			files = (
				934DED48D38067844D3B282E /* Pods_TopTekkarTests.framework in Frameworks */,
			);
			runOnlyForDeploymentPostprocessing = 0;
		};
		14A13E0326E25B8E001AF805 /* Frameworks */ = {
			isa = PBXFrameworksBuildPhase;
			buildActionMask = 2147483647;
			files = (
				4878D2570933A03DEF33F0BE /* Pods_TopTekkar_TopTekkarUITests.framework in Frameworks */,
			);
			runOnlyForDeploymentPostprocessing = 0;
		};
/* End PBXFrameworksBuildPhase section */

/* Begin PBXGroup section */
		1430664726E7A8F600020CB9 /* Controller */ = {
			isa = PBXGroup;
			children = (
				1476539F26E53F910090395B /* SearchCategoriesVC.swift */,
			);
			path = Controller;
			sourceTree = "<group>";
		};
		1430664B26E7A90200020CB9 /* ViewModel */ = {
			isa = PBXGroup;
			children = (
				147653AC26E540FE0090395B /* SearchCategoriesViewModel.swift */,
			);
			path = ViewModel;
			sourceTree = "<group>";
		};
		1430664C26E7A91A00020CB9 /* Model */ = {
			isa = PBXGroup;
			children = (
				147653A426E540090090395B /* SearchCategoriesModel.swift */,
			);
			path = Model;
			sourceTree = "<group>";
		};
		1430665026E7A92400020CB9 /* StoryBoard */ = {
			isa = PBXGroup;
			children = (
				147653B126E5412F0090395B /* SearchCategory.storyboard */,
			);
			path = StoryBoard;
			sourceTree = "<group>";
		};
		1430665126E7A94700020CB9 /* VIew */ = {
			isa = PBXGroup;
			children = (
				1430666626E800D200020CB9 /* Cell */,
				1430664726E7A8F600020CB9 /* Controller */,
				1430665026E7A92400020CB9 /* StoryBoard */,
			);
			path = VIew;
			sourceTree = "<group>";
		};
		1430666626E800D200020CB9 /* Cell */ = {
			isa = PBXGroup;
			children = (
				1430666726E800D200020CB9 /* SearchCategoryCollectionViewCell.swift */,
			);
			name = Cell;
			path = TopTekkar/SearchCategories/VIew/Cell;
			sourceTree = SOURCE_ROOT;
		};
		14633BC926E3F618008B514F /* HomeScreen */ = {
			isa = PBXGroup;
			children = (
				14633BE226E3FD4A008B514F /* Model */,
				14633BEA26E3FD96008B514F /* View */,
				14633BDE26E3FD39008B514F /* ViewModel */,
			);
			path = HomeScreen;
			sourceTree = "<group>";
		};
		14633BD026E3F625008B514F /* Controller */ = {
			isa = PBXGroup;
			children = (
				14A13E3826E263FA001AF805 /* HomeVC.swift */,
			);
			path = Controller;
			sourceTree = "<group>";
		};
		14633BDE26E3FD39008B514F /* ViewModel */ = {
			isa = PBXGroup;
			children = (
				14633BD426E3F643008B514F /* HomeViewModel.swift */,
			);
			path = ViewModel;
			sourceTree = "<group>";
		};
		14633BE226E3FD4A008B514F /* Model */ = {
			isa = PBXGroup;
			children = (
				14633BD926E3F655008B514F /* HomeModel.swift */,
			);
			path = Model;
			sourceTree = "<group>";
		};
		14633BEA26E3FD96008B514F /* View */ = {
			isa = PBXGroup;
			children = (
				14633BEF26E3FDBF008B514F /* StoryBoard */,
				14633BEE26E3FDAB008B514F /* Cell */,
				14633BD026E3F625008B514F /* Controller */,
			);
			path = View;
			sourceTree = "<group>";
		};
		14633BEE26E3FDAB008B514F /* Cell */ = {
			isa = PBXGroup;
			children = (
				14633BFD26E401EA008B514F /* HomeTableviewCell.swift */,
				14633BFE26E401EA008B514F /* HomeTableviewCell.xib */,
				1476538E26E510EE0090395B /* HomeCollectionViewCell.swift */,
				1476538F26E510EE0090395B /* HomeCollectionViewCell.xib */,
			);
			path = Cell;
			sourceTree = "<group>";
		};
		14633BEF26E3FDBF008B514F /* StoryBoard */ = {
			isa = PBXGroup;
			children = (
				14633BF026E3FE01008B514F /* Home.storyboard */,
			);
			path = StoryBoard;
			sourceTree = "<group>";
		};
		1472452926F9C0D10092C5C4 /* AcadamyDetails */ = {
			isa = PBXGroup;
			children = (
				1472452A26F9C0D10092C5C4 /* View Models */,
				1472452C26F9C0D10092C5C4 /* Model */,
				1472452E26F9C0D10092C5C4 /* Controllers */,
			);
			path = AcadamyDetails;
			sourceTree = "<group>";
		};
		1472452A26F9C0D10092C5C4 /* View Models */ = {
			isa = PBXGroup;
			children = (
				1472452B26F9C0D10092C5C4 /* AcadamyDetailViewModel.swift */,
			);
			path = "View Models";
			sourceTree = "<group>";
		};
		1472452C26F9C0D10092C5C4 /* Model */ = {
			isa = PBXGroup;
			children = (
				1472452D26F9C0D10092C5C4 /* AcadamySportsModel.swift */,
				A36EA08E26FA4105002FAE92 /* AcadamyPhotosModel.swift */,
				A36EA09226FA5699002FAE92 /* AcadamyBookingPlanModel.swift */,
			);
			path = Model;
			sourceTree = "<group>";
		};
		1472452E26F9C0D10092C5C4 /* Controllers */ = {
			isa = PBXGroup;
			children = (
				1472452F26F9C0D10092C5C4 /* AcadamyDetailsViewController.swift */,
				A36EA09026FA4BD1002FAE92 /* AcadamyBookingPlanViewController.swift */,
			);
			path = Controllers;
			sourceTree = "<group>";
		};
		1476539E26E53F910090395B /* SearchCategories */ = {
			isa = PBXGroup;
			children = (
				1430664C26E7A91A00020CB9 /* Model */,
				1430665126E7A94700020CB9 /* VIew */,
				1430664B26E7A90200020CB9 /* ViewModel */,
			);
			name = SearchCategories;
			path = TopTekkar/SearchCategories;
			sourceTree = SOURCE_ROOT;
		};
		1478D3CE26ECF4CE00EA66D1 /* Storyboards */ = {
			isa = PBXGroup;
			children = (
				A384077F26F61EEF00ACDA2C /* main.storyboard */,
			);
			path = Storyboards;
			sourceTree = "<group>";
		};
		1478D3E026ECF57600EA66D1 /* Models */ = {
			isa = PBXGroup;
			children = (
				1478D3DB26ECF57000EA66D1 /* AcadamyListModel.swift */,
			);
			path = Models;
			sourceTree = "<group>";
		};
		14A13DDC26E25B8D001AF805 = {
			isa = PBXGroup;
			children = (
				14A13DE726E25B8D001AF805 /* TopTekkar */,
				14A13DFE26E25B8E001AF805 /* TopTekkarTests */,
				14A13E0926E25B8E001AF805 /* TopTekkarUITests */,
				14A13DE626E25B8D001AF805 /* Products */,
				A8501392FC3C257AF7D0AA34 /* Pods */,
				DBD5DE549ED40E50830FFF71 /* Frameworks */,
			);
			sourceTree = "<group>";
		};
		14A13DE626E25B8D001AF805 /* Products */ = {
			isa = PBXGroup;
			children = (
				14A13DE526E25B8D001AF805 /* TopTekkar.app */,
				14A13DFB26E25B8E001AF805 /* TopTekkarTests.xctest */,
				14A13E0626E25B8E001AF805 /* TopTekkarUITests.xctest */,
			);
			name = Products;
			sourceTree = "<group>";
		};
		14A13DE726E25B8D001AF805 /* TopTekkar */ = {
			isa = PBXGroup;
			children = (
				A39033D826FCEB42000D83CC /* PaymentDetails */,
				1472452926F9C0D10092C5C4 /* AcadamyDetails */,
				A385D39B26F7B41D00166427 /* AcadamyList */,
				14A13DE826E25B8D001AF805 /* AppDelegate.swift */,
				14A13DEA26E25B8D001AF805 /* SceneDelegate.swift */,
				1478D3AD26EC9CB700EA66D1 /* AppConstants.swift */,
				14A13DEC26E25B8D001AF805 /* NotificationVC.swift */,
				14A13E3326E26158001AF805 /* TTBaseViewController.swift */,
				1476539E26E53F910090395B /* SearchCategories */,
				14633BC926E3F618008B514F /* HomeScreen */,
				14A13E3D26E26435001AF805 /* BookingVC.swift */,
				A36EA08C26FA3692002FAE92 /* TTCommonFunctions.swift */,
				14A13DF126E25B8E001AF805 /* Assets.xcassets */,
				14A13DF326E25B8E001AF805 /* LaunchScreen.storyboard */,
				14A13DF626E25B8E001AF805 /* Info.plist */,
				147653C126E6A8460090395B /* APIHandler.swift */,
			);
			path = TopTekkar;
			sourceTree = "<group>";
		};
		14A13DFE26E25B8E001AF805 /* TopTekkarTests */ = {
			isa = PBXGroup;
			children = (
				14A13DFF26E25B8E001AF805 /* TopTekkarTests.swift */,
				14A13E0126E25B8E001AF805 /* Info.plist */,
			);
			path = TopTekkarTests;
			sourceTree = "<group>";
		};
		14A13E0926E25B8E001AF805 /* TopTekkarUITests */ = {
			isa = PBXGroup;
			children = (
				14A13E0A26E25B8E001AF805 /* TopTekkarUITests.swift */,
				14A13E0C26E25B8E001AF805 /* Info.plist */,
			);
			path = TopTekkarUITests;
			sourceTree = "<group>";
		};
		A384078126F628A300ACDA2C /* Controllers */ = {
			isa = PBXGroup;
			children = (
				1478D3C126ECF46200EA66D1 /* AcademyListViewController.swift */,
			);
			path = Controllers;
			sourceTree = "<group>";
		};
		A384078226F6295D00ACDA2C /* View Models */ = {
			isa = PBXGroup;
			children = (
				A384078926F6650800ACDA2C /* AcadamyListViewModel.swift */,
			);
			path = "View Models";
			sourceTree = "<group>";
		};
		A385D39B26F7B41D00166427 /* AcadamyList */ = {
			isa = PBXGroup;
			children = (
				A384078126F628A300ACDA2C /* Controllers */,
				1478D3E026ECF57600EA66D1 /* Models */,
				1478D3CE26ECF4CE00EA66D1 /* Storyboards */,
				A384078226F6295D00ACDA2C /* View Models */,
			);
			path = AcadamyList;
			sourceTree = "<group>";
		};
		A39033D826FCEB42000D83CC /* PaymentDetails */ = {
			isa = PBXGroup;
			children = (
				A3114B502705A7DB005658BE /* PaymentDetailsViewController.swift */,
			);
			path = PaymentDetails;
			sourceTree = "<group>";
		};
		A8501392FC3C257AF7D0AA34 /* Pods */ = {
			isa = PBXGroup;
			children = (
				7E44C9FAC6644EA0DF9193DF /* Pods-TopTekkar.debug.xcconfig */,
				ACAEA3B6F6DE9E5C70C00CF5 /* Pods-TopTekkar.release.xcconfig */,
				08D9CFA876590F1E53DF6556 /* Pods-TopTekkar-TopTekkarUITests.debug.xcconfig */,
				971BA313C40982A7A9AE688E /* Pods-TopTekkar-TopTekkarUITests.release.xcconfig */,
				C23B1A2EA946E961C89660C9 /* Pods-TopTekkarTests.debug.xcconfig */,
				B54E15C2E1E79366CD93039E /* Pods-TopTekkarTests.release.xcconfig */,
			);
			path = Pods;
			sourceTree = "<group>";
		};
		DBD5DE549ED40E50830FFF71 /* Frameworks */ = {
			isa = PBXGroup;
			children = (
				DE43B6AEDE1CC0126D119C48 /* Pods_TopTekkar.framework */,
				716CEDFED41AB967B252E66D /* Pods_TopTekkar_TopTekkarUITests.framework */,
				4F11EF24652C3BC7C7F1FF85 /* Pods_TopTekkarTests.framework */,
			);
			name = Frameworks;
			sourceTree = "<group>";
		};
/* End PBXGroup section */

/* Begin PBXNativeTarget section */
		14A13DE426E25B8D001AF805 /* TopTekkar */ = {
			isa = PBXNativeTarget;
			buildConfigurationList = 14A13E0F26E25B8E001AF805 /* Build configuration list for PBXNativeTarget "TopTekkar" */;
			buildPhases = (
				88A4A6863D1560C0ADA81764 /* [CP] Check Pods Manifest.lock */,
				14A13DE126E25B8D001AF805 /* Sources */,
				14A13DE226E25B8D001AF805 /* Frameworks */,
				14A13DE326E25B8D001AF805 /* Resources */,
				BE35B553FF61E98B11566308 /* [CP] Embed Pods Frameworks */,
			);
			buildRules = (
			);
			dependencies = (
			);
			name = TopTekkar;
			productName = TopTekkar;
			productReference = 14A13DE526E25B8D001AF805 /* TopTekkar.app */;
			productType = "com.apple.product-type.application";
		};
		14A13DFA26E25B8E001AF805 /* TopTekkarTests */ = {
			isa = PBXNativeTarget;
			buildConfigurationList = 14A13E1226E25B8E001AF805 /* Build configuration list for PBXNativeTarget "TopTekkarTests" */;
			buildPhases = (
				461E319BC64D023E8E8FA0B9 /* [CP] Check Pods Manifest.lock */,
				14A13DF726E25B8E001AF805 /* Sources */,
				14A13DF826E25B8E001AF805 /* Frameworks */,
				14A13DF926E25B8E001AF805 /* Resources */,
			);
			buildRules = (
			);
			dependencies = (
				14A13DFD26E25B8E001AF805 /* PBXTargetDependency */,
			);
			name = TopTekkarTests;
			productName = TopTekkarTests;
			productReference = 14A13DFB26E25B8E001AF805 /* TopTekkarTests.xctest */;
			productType = "com.apple.product-type.bundle.unit-test";
		};
		14A13E0526E25B8E001AF805 /* TopTekkarUITests */ = {
			isa = PBXNativeTarget;
			buildConfigurationList = 14A13E1526E25B8E001AF805 /* Build configuration list for PBXNativeTarget "TopTekkarUITests" */;
			buildPhases = (
				A8506B7E1D68EE3038638E9F /* [CP] Check Pods Manifest.lock */,
				14A13E0226E25B8E001AF805 /* Sources */,
				14A13E0326E25B8E001AF805 /* Frameworks */,
				14A13E0426E25B8E001AF805 /* Resources */,
				F1262A140D51064EF9C9D812 /* [CP] Embed Pods Frameworks */,
			);
			buildRules = (
			);
			dependencies = (
				14A13E0826E25B8E001AF805 /* PBXTargetDependency */,
			);
			name = TopTekkarUITests;
			productName = TopTekkarUITests;
			productReference = 14A13E0626E25B8E001AF805 /* TopTekkarUITests.xctest */;
			productType = "com.apple.product-type.bundle.ui-testing";
		};
/* End PBXNativeTarget section */

/* Begin PBXProject section */
		14A13DDD26E25B8D001AF805 /* Project object */ = {
			isa = PBXProject;
			attributes = {
				LastSwiftUpdateCheck = 1240;
				LastUpgradeCheck = 1240;
				TargetAttributes = {
					14A13DE426E25B8D001AF805 = {
						CreatedOnToolsVersion = 12.4;
					};
					14A13DFA26E25B8E001AF805 = {
						CreatedOnToolsVersion = 12.4;
						TestTargetID = 14A13DE426E25B8D001AF805;
					};
					14A13E0526E25B8E001AF805 = {
						CreatedOnToolsVersion = 12.4;
						TestTargetID = 14A13DE426E25B8D001AF805;
					};
				};
			};
			buildConfigurationList = 14A13DE026E25B8D001AF805 /* Build configuration list for PBXProject "TopTekkar" */;
			compatibilityVersion = "Xcode 9.3";
			developmentRegion = en;
			hasScannedForEncodings = 0;
			knownRegions = (
				en,
				Base,
			);
			mainGroup = 14A13DDC26E25B8D001AF805;
			productRefGroup = 14A13DE626E25B8D001AF805 /* Products */;
			projectDirPath = "";
			projectRoot = "";
			targets = (
				14A13DE426E25B8D001AF805 /* TopTekkar */,
				14A13DFA26E25B8E001AF805 /* TopTekkarTests */,
				14A13E0526E25B8E001AF805 /* TopTekkarUITests */,
			);
		};
/* End PBXProject section */

/* Begin PBXResourcesBuildPhase section */
		14A13DE326E25B8D001AF805 /* Resources */ = {
			isa = PBXResourcesBuildPhase;
			buildActionMask = 2147483647;
			files = (
				147653B226E5412F0090395B /* SearchCategory.storyboard in Resources */,
				1476539126E510EE0090395B /* HomeCollectionViewCell.xib in Resources */,
				A384078026F61EEF00ACDA2C /* main.storyboard in Resources */,
				14A13DF526E25B8E001AF805 /* LaunchScreen.storyboard in Resources */,
				14633C0026E401EA008B514F /* HomeTableviewCell.xib in Resources */,
				14A13DF226E25B8E001AF805 /* Assets.xcassets in Resources */,
				14633BF126E3FE01008B514F /* Home.storyboard in Resources */,
			);
			runOnlyForDeploymentPostprocessing = 0;
		};
		14A13DF926E25B8E001AF805 /* Resources */ = {
			isa = PBXResourcesBuildPhase;
			buildActionMask = 2147483647;
			files = (
			);
			runOnlyForDeploymentPostprocessing = 0;
		};
		14A13E0426E25B8E001AF805 /* Resources */ = {
			isa = PBXResourcesBuildPhase;
			buildActionMask = 2147483647;
			files = (
			);
			runOnlyForDeploymentPostprocessing = 0;
		};
/* End PBXResourcesBuildPhase section */

/* Begin PBXShellScriptBuildPhase section */
		461E319BC64D023E8E8FA0B9 /* [CP] Check Pods Manifest.lock */ = {
			isa = PBXShellScriptBuildPhase;
			buildActionMask = 2147483647;
			files = (
			);
			inputFileListPaths = (
			);
			inputPaths = (
				"${PODS_PODFILE_DIR_PATH}/Podfile.lock",
				"${PODS_ROOT}/Manifest.lock",
			);
			name = "[CP] Check Pods Manifest.lock";
			outputFileListPaths = (
			);
			outputPaths = (
				"$(DERIVED_FILE_DIR)/Pods-TopTekkarTests-checkManifestLockResult.txt",
			);
			runOnlyForDeploymentPostprocessing = 0;
			shellPath = /bin/sh;
			shellScript = "diff \"${PODS_PODFILE_DIR_PATH}/Podfile.lock\" \"${PODS_ROOT}/Manifest.lock\" > /dev/null\nif [ $? != 0 ] ; then\n    # print error to STDERR\n    echo \"error: The sandbox is not in sync with the Podfile.lock. Run 'pod install' or update your CocoaPods installation.\" >&2\n    exit 1\nfi\n# This output is used by Xcode 'outputs' to avoid re-running this script phase.\necho \"SUCCESS\" > \"${SCRIPT_OUTPUT_FILE_0}\"\n";
			showEnvVarsInLog = 0;
		};
		88A4A6863D1560C0ADA81764 /* [CP] Check Pods Manifest.lock */ = {
			isa = PBXShellScriptBuildPhase;
			buildActionMask = 2147483647;
			files = (
			);
			inputFileListPaths = (
			);
			inputPaths = (
				"${PODS_PODFILE_DIR_PATH}/Podfile.lock",
				"${PODS_ROOT}/Manifest.lock",
			);
			name = "[CP] Check Pods Manifest.lock";
			outputFileListPaths = (
			);
			outputPaths = (
				"$(DERIVED_FILE_DIR)/Pods-TopTekkar-checkManifestLockResult.txt",
			);
			runOnlyForDeploymentPostprocessing = 0;
			shellPath = /bin/sh;
			shellScript = "diff \"${PODS_PODFILE_DIR_PATH}/Podfile.lock\" \"${PODS_ROOT}/Manifest.lock\" > /dev/null\nif [ $? != 0 ] ; then\n    # print error to STDERR\n    echo \"error: The sandbox is not in sync with the Podfile.lock. Run 'pod install' or update your CocoaPods installation.\" >&2\n    exit 1\nfi\n# This output is used by Xcode 'outputs' to avoid re-running this script phase.\necho \"SUCCESS\" > \"${SCRIPT_OUTPUT_FILE_0}\"\n";
			showEnvVarsInLog = 0;
		};
		A8506B7E1D68EE3038638E9F /* [CP] Check Pods Manifest.lock */ = {
			isa = PBXShellScriptBuildPhase;
			buildActionMask = 2147483647;
			files = (
			);
			inputFileListPaths = (
			);
			inputPaths = (
				"${PODS_PODFILE_DIR_PATH}/Podfile.lock",
				"${PODS_ROOT}/Manifest.lock",
			);
			name = "[CP] Check Pods Manifest.lock";
			outputFileListPaths = (
			);
			outputPaths = (
				"$(DERIVED_FILE_DIR)/Pods-TopTekkar-TopTekkarUITests-checkManifestLockResult.txt",
			);
			runOnlyForDeploymentPostprocessing = 0;
			shellPath = /bin/sh;
			shellScript = "diff \"${PODS_PODFILE_DIR_PATH}/Podfile.lock\" \"${PODS_ROOT}/Manifest.lock\" > /dev/null\nif [ $? != 0 ] ; then\n    # print error to STDERR\n    echo \"error: The sandbox is not in sync with the Podfile.lock. Run 'pod install' or update your CocoaPods installation.\" >&2\n    exit 1\nfi\n# This output is used by Xcode 'outputs' to avoid re-running this script phase.\necho \"SUCCESS\" > \"${SCRIPT_OUTPUT_FILE_0}\"\n";
			showEnvVarsInLog = 0;
		};
		BE35B553FF61E98B11566308 /* [CP] Embed Pods Frameworks */ = {
			isa = PBXShellScriptBuildPhase;
			buildActionMask = 2147483647;
			files = (
			);
			inputFileListPaths = (
				"${PODS_ROOT}/Target Support Files/Pods-TopTekkar/Pods-TopTekkar-frameworks-${CONFIGURATION}-input-files.xcfilelist",
			);
			name = "[CP] Embed Pods Frameworks";
			outputFileListPaths = (
				"${PODS_ROOT}/Target Support Files/Pods-TopTekkar/Pods-TopTekkar-frameworks-${CONFIGURATION}-output-files.xcfilelist",
			);
			runOnlyForDeploymentPostprocessing = 0;
			shellPath = /bin/sh;
			shellScript = "\"${PODS_ROOT}/Target Support Files/Pods-TopTekkar/Pods-TopTekkar-frameworks.sh\"\n";
			showEnvVarsInLog = 0;
		};
		F1262A140D51064EF9C9D812 /* [CP] Embed Pods Frameworks */ = {
			isa = PBXShellScriptBuildPhase;
			buildActionMask = 2147483647;
			files = (
			);
			inputFileListPaths = (
				"${PODS_ROOT}/Target Support Files/Pods-TopTekkar-TopTekkarUITests/Pods-TopTekkar-TopTekkarUITests-frameworks-${CONFIGURATION}-input-files.xcfilelist",
			);
			name = "[CP] Embed Pods Frameworks";
			outputFileListPaths = (
				"${PODS_ROOT}/Target Support Files/Pods-TopTekkar-TopTekkarUITests/Pods-TopTekkar-TopTekkarUITests-frameworks-${CONFIGURATION}-output-files.xcfilelist",
			);
			runOnlyForDeploymentPostprocessing = 0;
			shellPath = /bin/sh;
			shellScript = "\"${PODS_ROOT}/Target Support Files/Pods-TopTekkar-TopTekkarUITests/Pods-TopTekkar-TopTekkarUITests-frameworks.sh\"\n";
			showEnvVarsInLog = 0;
		};
/* End PBXShellScriptBuildPhase section */

/* Begin PBXSourcesBuildPhase section */
		14A13DE126E25B8D001AF805 /* Sources */ = {
			isa = PBXSourcesBuildPhase;
			buildActionMask = 2147483647;
			files = (
				14A13E3E26E26435001AF805 /* BookingVC.swift in Sources */,
				147653A026E53F910090395B /* SearchCategoriesVC.swift in Sources */,
				A36EA08D26FA3692002FAE92 /* TTCommonFunctions.swift in Sources */,
				14A13DED26E25B8D001AF805 /* NotificationVC.swift in Sources */,
				14633BD526E3F643008B514F /* HomeViewModel.swift in Sources */,
				14A13E3926E263FA001AF805 /* HomeVC.swift in Sources */,
				1478D3C326ECF46200EA66D1 /* AcademyListViewController.swift in Sources */,
				1472453226F9C0D10092C5C4 /* AcadamyDetailsViewController.swift in Sources */,
				1478D3DC26ECF57000EA66D1 /* AcadamyListModel.swift in Sources */,
				147653AD26E540FE0090395B /* SearchCategoriesViewModel.swift in Sources */,
				14633BDA26E3F655008B514F /* HomeModel.swift in Sources */,
				147653C226E6A8460090395B /* APIHandler.swift in Sources */,
				1472453126F9C0D10092C5C4 /* AcadamySportsModel.swift in Sources */,
				1476539026E510EE0090395B /* HomeCollectionViewCell.swift in Sources */,
				14A13DE926E25B8D001AF805 /* AppDelegate.swift in Sources */,
				14A13DEB26E25B8D001AF805 /* SceneDelegate.swift in Sources */,
				1478D3AE26EC9CB700EA66D1 /* AppConstants.swift in Sources */,
				A36EA09126FA4BD1002FAE92 /* AcadamyBookingPlanViewController.swift in Sources */,
				A36EA08F26FA4105002FAE92 /* AcadamyPhotosModel.swift in Sources */,
				14633BFF26E401EA008B514F /* HomeTableviewCell.swift in Sources */,
				14A13E3426E26158001AF805 /* TTBaseViewController.swift in Sources */,
				A36EA09326FA5699002FAE92 /* AcadamyBookingPlanModel.swift in Sources */,
				1430666826E800D200020CB9 /* SearchCategoryCollectionViewCell.swift in Sources */,
				A384078A26F6650800ACDA2C /* AcadamyListViewModel.swift in Sources */,
				1472453026F9C0D10092C5C4 /* AcadamyDetailViewModel.swift in Sources */,
				A3114B512705A7DB005658BE /* PaymentDetailsViewController.swift in Sources */,
				147653A526E540090090395B /* SearchCategoriesModel.swift in Sources */,
			);
			runOnlyForDeploymentPostprocessing = 0;
		};
		14A13DF726E25B8E001AF805 /* Sources */ = {
			isa = PBXSourcesBuildPhase;
			buildActionMask = 2147483647;
			files = (
				14A13E0026E25B8E001AF805 /* TopTekkarTests.swift in Sources */,
			);
			runOnlyForDeploymentPostprocessing = 0;
		};
		14A13E0226E25B8E001AF805 /* Sources */ = {
			isa = PBXSourcesBuildPhase;
			buildActionMask = 2147483647;
			files = (
				14A13E0B26E25B8E001AF805 /* TopTekkarUITests.swift in Sources */,
			);
			runOnlyForDeploymentPostprocessing = 0;
		};
/* End PBXSourcesBuildPhase section */

/* Begin PBXTargetDependency section */
		14A13DFD26E25B8E001AF805 /* PBXTargetDependency */ = {
			isa = PBXTargetDependency;
			target = 14A13DE426E25B8D001AF805 /* TopTekkar */;
			targetProxy = 14A13DFC26E25B8E001AF805 /* PBXContainerItemProxy */;
		};
		14A13E0826E25B8E001AF805 /* PBXTargetDependency */ = {
			isa = PBXTargetDependency;
			target = 14A13DE426E25B8D001AF805 /* TopTekkar */;
			targetProxy = 14A13E0726E25B8E001AF805 /* PBXContainerItemProxy */;
		};
/* End PBXTargetDependency section */

/* Begin PBXVariantGroup section */
		14A13DF326E25B8E001AF805 /* LaunchScreen.storyboard */ = {
			isa = PBXVariantGroup;
			children = (
				14A13DF426E25B8E001AF805 /* Base */,
			);
			name = LaunchScreen.storyboard;
			sourceTree = "<group>";
		};
/* End PBXVariantGroup section */

/* Begin XCBuildConfiguration section */
		14A13E0D26E25B8E001AF805 /* Debug */ = {
			isa = XCBuildConfiguration;
			buildSettings = {
				ALWAYS_SEARCH_USER_PATHS = NO;
				CLANG_ANALYZER_NONNULL = YES;
				CLANG_ANALYZER_NUMBER_OBJECT_CONVERSION = YES_AGGRESSIVE;
				CLANG_CXX_LANGUAGE_STANDARD = "gnu++14";
				CLANG_CXX_LIBRARY = "libc++";
				CLANG_ENABLE_MODULES = YES;
				CLANG_ENABLE_OBJC_ARC = YES;
				CLANG_ENABLE_OBJC_WEAK = YES;
				CLANG_WARN_BLOCK_CAPTURE_AUTORELEASING = YES;
				CLANG_WARN_BOOL_CONVERSION = YES;
				CLANG_WARN_COMMA = YES;
				CLANG_WARN_CONSTANT_CONVERSION = YES;
				CLANG_WARN_DEPRECATED_OBJC_IMPLEMENTATIONS = YES;
				CLANG_WARN_DIRECT_OBJC_ISA_USAGE = YES_ERROR;
				CLANG_WARN_DOCUMENTATION_COMMENTS = YES;
				CLANG_WARN_EMPTY_BODY = YES;
				CLANG_WARN_ENUM_CONVERSION = YES;
				CLANG_WARN_INFINITE_RECURSION = YES;
				CLANG_WARN_INT_CONVERSION = YES;
				CLANG_WARN_NON_LITERAL_NULL_CONVERSION = YES;
				CLANG_WARN_OBJC_IMPLICIT_RETAIN_SELF = YES;
				CLANG_WARN_OBJC_LITERAL_CONVERSION = YES;
				CLANG_WARN_OBJC_ROOT_CLASS = YES_ERROR;
				CLANG_WARN_QUOTED_INCLUDE_IN_FRAMEWORK_HEADER = YES;
				CLANG_WARN_RANGE_LOOP_ANALYSIS = YES;
				CLANG_WARN_STRICT_PROTOTYPES = YES;
				CLANG_WARN_SUSPICIOUS_MOVE = YES;
				CLANG_WARN_UNGUARDED_AVAILABILITY = YES_AGGRESSIVE;
				CLANG_WARN_UNREACHABLE_CODE = YES;
				CLANG_WARN__DUPLICATE_METHOD_MATCH = YES;
				COPY_PHASE_STRIP = NO;
				DEBUG_INFORMATION_FORMAT = dwarf;
				ENABLE_STRICT_OBJC_MSGSEND = YES;
				ENABLE_TESTABILITY = YES;
				GCC_C_LANGUAGE_STANDARD = gnu11;
				GCC_DYNAMIC_NO_PIC = NO;
				GCC_NO_COMMON_BLOCKS = YES;
				GCC_OPTIMIZATION_LEVEL = 0;
				GCC_PREPROCESSOR_DEFINITIONS = (
					"DEBUG=1",
					"$(inherited)",
				);
				GCC_WARN_64_TO_32_BIT_CONVERSION = YES;
				GCC_WARN_ABOUT_RETURN_TYPE = YES_ERROR;
				GCC_WARN_UNDECLARED_SELECTOR = YES;
				GCC_WARN_UNINITIALIZED_AUTOS = YES_AGGRESSIVE;
				GCC_WARN_UNUSED_FUNCTION = YES;
				GCC_WARN_UNUSED_VARIABLE = YES;
				IPHONEOS_DEPLOYMENT_TARGET = 14.4;
				MTL_ENABLE_DEBUG_INFO = INCLUDE_SOURCE;
				MTL_FAST_MATH = YES;
				ONLY_ACTIVE_ARCH = YES;
				SDKROOT = iphoneos;
				SWIFT_ACTIVE_COMPILATION_CONDITIONS = DEBUG;
				SWIFT_OPTIMIZATION_LEVEL = "-Onone";
			};
			name = Debug;
		};
		14A13E0E26E25B8E001AF805 /* Release */ = {
			isa = XCBuildConfiguration;
			buildSettings = {
				ALWAYS_SEARCH_USER_PATHS = NO;
				CLANG_ANALYZER_NONNULL = YES;
				CLANG_ANALYZER_NUMBER_OBJECT_CONVERSION = YES_AGGRESSIVE;
				CLANG_CXX_LANGUAGE_STANDARD = "gnu++14";
				CLANG_CXX_LIBRARY = "libc++";
				CLANG_ENABLE_MODULES = YES;
				CLANG_ENABLE_OBJC_ARC = YES;
				CLANG_ENABLE_OBJC_WEAK = YES;
				CLANG_WARN_BLOCK_CAPTURE_AUTORELEASING = YES;
				CLANG_WARN_BOOL_CONVERSION = YES;
				CLANG_WARN_COMMA = YES;
				CLANG_WARN_CONSTANT_CONVERSION = YES;
				CLANG_WARN_DEPRECATED_OBJC_IMPLEMENTATIONS = YES;
				CLANG_WARN_DIRECT_OBJC_ISA_USAGE = YES_ERROR;
				CLANG_WARN_DOCUMENTATION_COMMENTS = YES;
				CLANG_WARN_EMPTY_BODY = YES;
				CLANG_WARN_ENUM_CONVERSION = YES;
				CLANG_WARN_INFINITE_RECURSION = YES;
				CLANG_WARN_INT_CONVERSION = YES;
				CLANG_WARN_NON_LITERAL_NULL_CONVERSION = YES;
				CLANG_WARN_OBJC_IMPLICIT_RETAIN_SELF = YES;
				CLANG_WARN_OBJC_LITERAL_CONVERSION = YES;
				CLANG_WARN_OBJC_ROOT_CLASS = YES_ERROR;
				CLANG_WARN_QUOTED_INCLUDE_IN_FRAMEWORK_HEADER = YES;
				CLANG_WARN_RANGE_LOOP_ANALYSIS = YES;
				CLANG_WARN_STRICT_PROTOTYPES = YES;
				CLANG_WARN_SUSPICIOUS_MOVE = YES;
				CLANG_WARN_UNGUARDED_AVAILABILITY = YES_AGGRESSIVE;
				CLANG_WARN_UNREACHABLE_CODE = YES;
				CLANG_WARN__DUPLICATE_METHOD_MATCH = YES;
				COPY_PHASE_STRIP = NO;
				DEBUG_INFORMATION_FORMAT = "dwarf-with-dsym";
				ENABLE_NS_ASSERTIONS = NO;
				ENABLE_STRICT_OBJC_MSGSEND = YES;
				GCC_C_LANGUAGE_STANDARD = gnu11;
				GCC_NO_COMMON_BLOCKS = YES;
				GCC_WARN_64_TO_32_BIT_CONVERSION = YES;
				GCC_WARN_ABOUT_RETURN_TYPE = YES_ERROR;
				GCC_WARN_UNDECLARED_SELECTOR = YES;
				GCC_WARN_UNINITIALIZED_AUTOS = YES_AGGRESSIVE;
				GCC_WARN_UNUSED_FUNCTION = YES;
				GCC_WARN_UNUSED_VARIABLE = YES;
				IPHONEOS_DEPLOYMENT_TARGET = 14.4;
				MTL_ENABLE_DEBUG_INFO = NO;
				MTL_FAST_MATH = YES;
				SDKROOT = iphoneos;
				SWIFT_COMPILATION_MODE = wholemodule;
				SWIFT_OPTIMIZATION_LEVEL = "-O";
				VALIDATE_PRODUCT = YES;
			};
			name = Release;
		};
		14A13E1026E25B8E001AF805 /* Debug */ = {
			isa = XCBuildConfiguration;
			baseConfigurationReference = 7E44C9FAC6644EA0DF9193DF /* Pods-TopTekkar.debug.xcconfig */;
			buildSettings = {
				ASSETCATALOG_COMPILER_APPICON_NAME = AppIcon;
				ASSETCATALOG_COMPILER_GLOBAL_ACCENT_COLOR_NAME = AccentColor;
				CODE_SIGN_STYLE = Automatic;
				INFOPLIST_FILE = TopTekkar/Info.plist;
				LD_RUNPATH_SEARCH_PATHS = (
					"$(inherited)",
					"@executable_path/Frameworks",
				);
				PRODUCT_BUNDLE_IDENTIFIER = tes.TopTekkar;
				PRODUCT_NAME = "$(TARGET_NAME)";
				SWIFT_VERSION = 5.0;
				TARGETED_DEVICE_FAMILY = "1,2";
			};
			name = Debug;
		};
		14A13E1126E25B8E001AF805 /* Release */ = {
			isa = XCBuildConfiguration;
			baseConfigurationReference = ACAEA3B6F6DE9E5C70C00CF5 /* Pods-TopTekkar.release.xcconfig */;
			buildSettings = {
				ASSETCATALOG_COMPILER_APPICON_NAME = AppIcon;
				ASSETCATALOG_COMPILER_GLOBAL_ACCENT_COLOR_NAME = AccentColor;
				CODE_SIGN_STYLE = Automatic;
				INFOPLIST_FILE = TopTekkar/Info.plist;
				LD_RUNPATH_SEARCH_PATHS = (
					"$(inherited)",
					"@executable_path/Frameworks",
				);
				PRODUCT_BUNDLE_IDENTIFIER = tes.TopTekkar;
				PRODUCT_NAME = "$(TARGET_NAME)";
				SWIFT_VERSION = 5.0;
				TARGETED_DEVICE_FAMILY = "1,2";
			};
			name = Release;
		};
		14A13E1326E25B8E001AF805 /* Debug */ = {
			isa = XCBuildConfiguration;
			baseConfigurationReference = C23B1A2EA946E961C89660C9 /* Pods-TopTekkarTests.debug.xcconfig */;
			buildSettings = {
				ALWAYS_EMBED_SWIFT_STANDARD_LIBRARIES = YES;
				BUNDLE_LOADER = "$(TEST_HOST)";
				CODE_SIGN_STYLE = Automatic;
				INFOPLIST_FILE = TopTekkarTests/Info.plist;
				IPHONEOS_DEPLOYMENT_TARGET = 14.4;
				LD_RUNPATH_SEARCH_PATHS = (
					"$(inherited)",
					"@executable_path/Frameworks",
					"@loader_path/Frameworks",
				);
				PRODUCT_BUNDLE_IDENTIFIER = tes.TopTekkarTests;
				PRODUCT_NAME = "$(TARGET_NAME)";
				SWIFT_VERSION = 5.0;
				TARGETED_DEVICE_FAMILY = "1,2";
				TEST_HOST = "$(BUILT_PRODUCTS_DIR)/TopTekkar.app/TopTekkar";
			};
			name = Debug;
		};
		14A13E1426E25B8E001AF805 /* Release */ = {
			isa = XCBuildConfiguration;
			baseConfigurationReference = B54E15C2E1E79366CD93039E /* Pods-TopTekkarTests.release.xcconfig */;
			buildSettings = {
				ALWAYS_EMBED_SWIFT_STANDARD_LIBRARIES = YES;
				BUNDLE_LOADER = "$(TEST_HOST)";
				CODE_SIGN_STYLE = Automatic;
				INFOPLIST_FILE = TopTekkarTests/Info.plist;
				IPHONEOS_DEPLOYMENT_TARGET = 14.4;
				LD_RUNPATH_SEARCH_PATHS = (
					"$(inherited)",
					"@executable_path/Frameworks",
					"@loader_path/Frameworks",
				);
				PRODUCT_BUNDLE_IDENTIFIER = tes.TopTekkarTests;
				PRODUCT_NAME = "$(TARGET_NAME)";
				SWIFT_VERSION = 5.0;
				TARGETED_DEVICE_FAMILY = "1,2";
				TEST_HOST = "$(BUILT_PRODUCTS_DIR)/TopTekkar.app/TopTekkar";
			};
			name = Release;
		};
		14A13E1626E25B8E001AF805 /* Debug */ = {
			isa = XCBuildConfiguration;
			baseConfigurationReference = 08D9CFA876590F1E53DF6556 /* Pods-TopTekkar-TopTekkarUITests.debug.xcconfig */;
			buildSettings = {
				ALWAYS_EMBED_SWIFT_STANDARD_LIBRARIES = YES;
				CODE_SIGN_STYLE = Automatic;
				INFOPLIST_FILE = TopTekkarUITests/Info.plist;
				LD_RUNPATH_SEARCH_PATHS = (
					"$(inherited)",
					"@executable_path/Frameworks",
					"@loader_path/Frameworks",
				);
				PRODUCT_BUNDLE_IDENTIFIER = tes.TopTekkarUITests;
				PRODUCT_NAME = "$(TARGET_NAME)";
				SWIFT_VERSION = 5.0;
				TARGETED_DEVICE_FAMILY = "1,2";
				TEST_TARGET_NAME = TopTekkar;
			};
			name = Debug;
		};
		14A13E1726E25B8E001AF805 /* Release */ = {
			isa = XCBuildConfiguration;
			baseConfigurationReference = 971BA313C40982A7A9AE688E /* Pods-TopTekkar-TopTekkarUITests.release.xcconfig */;
			buildSettings = {
				ALWAYS_EMBED_SWIFT_STANDARD_LIBRARIES = YES;
				CODE_SIGN_STYLE = Automatic;
				INFOPLIST_FILE = TopTekkarUITests/Info.plist;
				LD_RUNPATH_SEARCH_PATHS = (
					"$(inherited)",
					"@executable_path/Frameworks",
					"@loader_path/Frameworks",
				);
				PRODUCT_BUNDLE_IDENTIFIER = tes.TopTekkarUITests;
				PRODUCT_NAME = "$(TARGET_NAME)";
				SWIFT_VERSION = 5.0;
				TARGETED_DEVICE_FAMILY = "1,2";
				TEST_TARGET_NAME = TopTekkar;
			};
			name = Release;
		};
/* End XCBuildConfiguration section */

/* Begin XCConfigurationList section */
		14A13DE026E25B8D001AF805 /* Build configuration list for PBXProject "TopTekkar" */ = {
			isa = XCConfigurationList;
			buildConfigurations = (
				14A13E0D26E25B8E001AF805 /* Debug */,
				14A13E0E26E25B8E001AF805 /* Release */,
			);
			defaultConfigurationIsVisible = 0;
			defaultConfigurationName = Release;
		};
		14A13E0F26E25B8E001AF805 /* Build configuration list for PBXNativeTarget "TopTekkar" */ = {
			isa = XCConfigurationList;
			buildConfigurations = (
				14A13E1026E25B8E001AF805 /* Debug */,
				14A13E1126E25B8E001AF805 /* Release */,
			);
			defaultConfigurationIsVisible = 0;
			defaultConfigurationName = Release;
		};
		14A13E1226E25B8E001AF805 /* Build configuration list for PBXNativeTarget "TopTekkarTests" */ = {
			isa = XCConfigurationList;
			buildConfigurations = (
				14A13E1326E25B8E001AF805 /* Debug */,
				14A13E1426E25B8E001AF805 /* Release */,
			);
			defaultConfigurationIsVisible = 0;
			defaultConfigurationName = Release;
		};
		14A13E1526E25B8E001AF805 /* Build configuration list for PBXNativeTarget "TopTekkarUITests" */ = {
			isa = XCConfigurationList;
			buildConfigurations = (
				14A13E1626E25B8E001AF805 /* Debug */,
				14A13E1726E25B8E001AF805 /* Release */,
			);
			defaultConfigurationIsVisible = 0;
			defaultConfigurationName = Release;
		};
/* End XCConfigurationList section */
	};
	rootObject = 14A13DDD26E25B8D001AF805 /* Project object */;
}
